
Microsoft Visual Studio Solution File, Format Version 12.00
# Visual Studio Version 16
VisualStudioVersion = 16.0.31025.194
MinimumVisualStudioVersion = 10.0.40219.1
Project("{FAE04EC0-301F-11D3-BF4B-00C04F79EFBC}") = "PalindromeLinkedList", "PalindromeLinkedList\PalindromeLinkedList.csproj", "{AD1280D5-F24F-4D63-A597-76CABC394103}"
EndProject
Global
	GlobalSection(SolutionConfigurationPlatforms) = preSolution
		Debug|Any CPU = Debug|Any CPU
		Release|Any CPU = Release|Any CPU
	EndGlobalSection
	GlobalSection(ProjectConfigurationPlatforms) = postSolution
		{AD1280D5-F24F-4D63-A597-76CABC394103}.Debug|Any CPU.ActiveCfg = Debug|Any CPU
		{AD1280D5-F24F-4D63-A597-76CABC394103}.Debug|Any CPU.Build.0 = Debug|Any CPU
		{AD1280D5-F24F-4D63-A597-76CABC394103}.Release|Any CPU.ActiveCfg = Release|Any CPU
		{AD1280D5-F24F-4D63-A597-76CABC394103}.Release|Any CPU.Build.0 = Release|Any CPU
	EndGlobalSection
	GlobalSection(SolutionProperties) = preSolution
		HideSolutionNode = FALSE
	EndGlobalSection
	GlobalSection(ExtensibilityGlobals) = postSolution
		SolutionGuid = {53A01CAA-AB7B-43DF-8900-6DDE013D1C2D}
	EndGlobalSection
EndGlobal
